
Microsoft Visual Studio Solution File, Format Version 12.00
# Visual Studio 2013
VisualStudioVersion = 12.0.30110.0
MinimumVisualStudioVersion = 10.0.40219.1
Project("{FAE04EC0-301F-11D3-BF4B-00C04F79EFBC}") = "WpfAppBar", "WpfAppBar\WpfAppBar.csproj", "{86F999C7-4543-41DE-8E6D-9AB41AC0FF8E}"
EndProject
Project("{FAE04EC0-301F-11D3-BF4B-00C04F79EFBC}") = "AppBarExample", "AppBarExample\AppBarExample.csproj", "{6FA45981-2F56-4B8A-911F-DC515FB0D980}"
EndProject
Global
	GlobalSection(SolutionConfigurationPlatforms) = preSolution
		Debug|Any CPU = Debug|Any CPU
		Release|Any CPU = Release|Any CPU
	EndGlobalSection
	GlobalSection(ProjectConfigurationPlatforms) = postSolution
		{86F999C7-4543-41DE-8E6D-9AB41AC0FF8E}.Debug|Any CPU.ActiveCfg = Debug|Any CPU
		{86F999C7-4543-41DE-8E6D-9AB41AC0FF8E}.Debug|Any CPU.Build.0 = Debug|Any CPU
		{86F999C7-4543-41DE-8E6D-9AB41AC0FF8E}.Release|Any CPU.ActiveCfg = Release|Any CPU
		{86F999C7-4543-41DE-8E6D-9AB41AC0FF8E}.Release|Any CPU.Build.0 = Release|Any CPU
		{6FA45981-2F56-4B8A-911F-DC515FB0D980}.Debug|Any CPU.ActiveCfg = Debug|Any CPU
		{6FA45981-2F56-4B8A-911F-DC515FB0D980}.Debug|Any CPU.Build.0 = Debug|Any CPU
		{6FA45981-2F56-4B8A-911F-DC515FB0D980}.Release|Any CPU.ActiveCfg = Release|Any CPU
		{6FA45981-2F56-4B8A-911F-DC515FB0D980}.Release|Any CPU.Build.0 = Release|Any CPU
	EndGlobalSection
	GlobalSection(SolutionProperties) = preSolution
		HideSolutionNode = FALSE
	EndGlobalSection
EndGlobal
